schema: '2.0'
stages:
  data_cleaning:
    cmd: python src/data/data_cleaning.py
    deps:
    - path: data/raw/swiggy.csv
      hash: md5
      md5: 0b050b37dfe6cfbfaa18d7cb4e454377
      size: 7772212
    - path: src/data/data_cleaning.py
      hash: md5
      md5: f5ad421aafd57c91a1366fef5b226570
      size: 9519
    outs:
    - path: data/cleaned/swiggy_cleaned.csv
      hash: md5
      md5: 4918716e52fc57babdcd400dfb3c3f29
      size: 4508527
  data_preparation:
    cmd: python src/data/data_preparation.py
    deps:
    - path: data/cleaned/swiggy_cleaned.csv
      hash: md5
      md5: 4918716e52fc57babdcd400dfb3c3f29
      size: 4508527
    - path: src/data/data_preparation.py
      hash: md5
      md5: 3e2a96e903923880992e6268edefca49
      size: 3007
    params:
      params.yaml:
        Data_Preparation.random_state: 40
        Data_Preparation.test_size: 0.25
    outs:
    - path: data/interim/test.csv
      hash: md5
      md5: 39f3790ff3374c0380306dd3557442dd
      size: 1127247
    - path: data/interim/train.csv
      hash: md5
      md5: 31b9f191fb561916faeca3a526d29342
      size: 3378322
  data_preprocessing:
    cmd: python src/features/data_preprocessing.py
    deps:
    - path: data/interim/test.csv
      hash: md5
      md5: 39f3790ff3374c0380306dd3557442dd
      size: 1127247
    - path: data/interim/train.csv
      hash: md5
      md5: 31b9f191fb561916faeca3a526d29342
      size: 3378322
    - path: src/features/data_preprocessing.py
      hash: md5
      md5: 0bc27bf370a98fa5dd2a4057f3a48f4a
      size: 6949
    outs:
    - path: data/processed/test_trans.csv
      hash: md5
      md5: eb0d5a645f674261ddb0adc48cc3e737
      size: 1361295
    - path: data/processed/train_trans.csv
      hash: md5
      md5: ae43dfde70f9d15b21c858dd1040a03e
      size: 4058739
    - path: models/preprocessor.joblib
      hash: md5
      md5: 12fee09c2fdfef4d24e06f8c3b7f6229
      size: 8394
  train:
    cmd: python src/models/train.py
    deps:
    - path: data/processed/train_trans.csv
      hash: md5
      md5: ae43dfde70f9d15b21c858dd1040a03e
      size: 4058739
    - path: src/models/train.py
      hash: md5
      md5: b7b69ed8e77672b21bfffc93336aa161
      size: 4910
    params:
      params.yaml:
        Train.LightGBM:
          n_estimators: 154
          max_depth: 27
          learning_rate: 0.22234435854395157
          subsample: 0.7592213724048168
          min_child_weight: 20
          min_split_gain: 0.004604680609280751
          reg_lambda: 97.81002379097947
          n_jobs: -1
        Train.Random_Forest:
          n_estimators: 479
          criterion: squared_error
          max_depth: 17
          max_features: 1
          min_samples_split: 9
          min_samples_leaf: 2
          max_samples: 0.6603673526197066
          verbose: 1
          n_jobs: -1
    outs:
    - path: models/model.joblib
      hash: md5
      md5: 617f336cb671b5a5e67c6f3db84d2195
      size: 148812440
    - path: models/power_transformer.joblib
      hash: md5
      md5: ef46545d6c21a07e6e6f93c5bed592e0
      size: 837
    - path: models/stacking_regressor.joblib
      hash: md5
      md5: e32c6fa1d07235f47bde61d1c3aff6ff
      size: 148800890
  evaluation:
    cmd: python src/models/evaluation.py
    deps:
    - path: data/processed/test_trans.csv
      hash: md5
      md5: eb0d5a645f674261ddb0adc48cc3e737
      size: 1361295
    - path: data/processed/train_trans.csv
      hash: md5
      md5: ae43dfde70f9d15b21c858dd1040a03e
      size: 4058739
    - path: models/model.joblib
      hash: md5
      md5: 617f336cb671b5a5e67c6f3db84d2195
      size: 148812440
    - path: src/models/evaluation.py
      hash: md5
      md5: 89b7066e45f558834c09973744ac875e
      size: 6049
    outs:
    - path: run_information.json
      hash: md5
      md5: d04b48eb837eeaa82334846d3539929a
      size: 220
  register_model:
    cmd: python src/models/register_model.py
    deps:
    - path: run_information.json
      hash: md5
      md5: d04b48eb837eeaa82334846d3539929a
      size: 220
    - path: src/models/register_model.py
      hash: md5
      md5: 992c8cc5297321021a7a52d7984cff6b
      size: 2168
